
Microsoft Visual Studio Solution File, Format Version 12.00
# Visual Studio Version 17
VisualStudioVersion = 17.8.34330.188
MinimumVisualStudioVersion = 10.0.40219.1
Project("{9A19103F-16F7-4668-BE54-9A1E7A4F7556}") = "WindowsFormGiris", "WindowsFormGiris\WindowsFormGiris.csproj", "{0DFB6577-4892-467D-BD24-D017585D210A}"
EndProject
Project("{FAE04EC0-301F-11D3-BF4B-00C04F79EFBC}") = "AdamAsmaca", "AdamAsmaca\AdamAsmaca.csproj", "{A54C9938-8E93-4D7A-971A-D1DA555D4349}"
EndProject
Global
	GlobalSection(SolutionConfigurationPlatforms) = preSolution
		Debug|Any CPU = Debug|Any CPU
		Release|Any CPU = Release|Any CPU
	EndGlobalSection
	GlobalSection(ProjectConfigurationPlatforms) = postSolution
		{0DFB6577-4892-467D-BD24-D017585D210A}.Debug|Any CPU.ActiveCfg = Debug|Any CPU
		{0DFB6577-4892-467D-BD24-D017585D210A}.Debug|Any CPU.Build.0 = Debug|Any CPU
		{0DFB6577-4892-467D-BD24-D017585D210A}.Release|Any CPU.ActiveCfg = Release|Any CPU
		{0DFB6577-4892-467D-BD24-D017585D210A}.Release|Any CPU.Build.0 = Release|Any CPU
		{A54C9938-8E93-4D7A-971A-D1DA555D4349}.Debug|Any CPU.ActiveCfg = Debug|Any CPU
		{A54C9938-8E93-4D7A-971A-D1DA555D4349}.Debug|Any CPU.Build.0 = Debug|Any CPU
		{A54C9938-8E93-4D7A-971A-D1DA555D4349}.Release|Any CPU.ActiveCfg = Release|Any CPU
		{A54C9938-8E93-4D7A-971A-D1DA555D4349}.Release|Any CPU.Build.0 = Release|Any CPU
	EndGlobalSection
	GlobalSection(SolutionProperties) = preSolution
		HideSolutionNode = FALSE
	EndGlobalSection
	GlobalSection(ExtensibilityGlobals) = postSolution
		SolutionGuid = {E34481C1-4C69-4D8D-BC5D-4AF764544C7E}
	EndGlobalSection
EndGlobal
